
Microsoft Visual Studio Solution File, Format Version 12.00
# Visual Studio Version 17
VisualStudioVersion = 17.11.35222.181
MinimumVisualStudioVersion = 10.0.40219.1
Project("{9A19103F-16F7-4668-BE54-9A1E7A4F7556}") = "WebApp", "WebApp\WebApp.csproj", "{38F2D321-FFC3-45A4-AFD6-5FDE5067CA1C}"
EndProject
Project("{2150E333-8FDC-42A3-9474-1A3956D46DE8}") = "Solution Items", "Solution Items", "{F23DD3EE-C048-4ED5-8F8F-28AF22AF8AEB}"
	ProjectSection(SolutionItems) = preProject
		..\README.md = ..\README.md
	EndProjectSection
EndProject
Project("{9A19103F-16F7-4668-BE54-9A1E7A4F7556}") = "DataAccessLayer", "DataAccessLayer\DataAccessLayer.csproj", "{94D120C6-C596-4CC2-A1A1-1BEA9947CF79}"
EndProject
Project("{9A19103F-16F7-4668-BE54-9A1E7A4F7556}") = "Repositories", "Repositories\Repositories.csproj", "{D263E639-2A8E-45AD-83BE-83A556E26897}"
EndProject
Project("{9A19103F-16F7-4668-BE54-9A1E7A4F7556}") = "BusinessLayer", "BusinessLayer\BusinessLayer.csproj", "{F7D4A2C9-6719-43CA-A638-65BC59446307}"
EndProject
Project("{9A19103F-16F7-4668-BE54-9A1E7A4F7556}") = "ViewModels", "ViewModels\ViewModels.csproj", "{A67234E3-EBEB-4A5F-A31B-C9B4FAE87BAC}"
EndProject
Project("{FAE04EC0-301F-11D3-BF4B-00C04F79EFBC}") = "DBFirstApproach", "DBFirstApproach\DBFirstApproach.csproj", "{40C25177-28AC-43D0-83D5-ADF47A241CAD}"
EndProject
Global
	GlobalSection(SolutionConfigurationPlatforms) = preSolution
		Debug|Any CPU = Debug|Any CPU
		Release|Any CPU = Release|Any CPU
	EndGlobalSection
	GlobalSection(ProjectConfigurationPlatforms) = postSolution
		{38F2D321-FFC3-45A4-AFD6-5FDE5067CA1C}.Debug|Any CPU.ActiveCfg = Debug|Any CPU
		{38F2D321-FFC3-45A4-AFD6-5FDE5067CA1C}.Debug|Any CPU.Build.0 = Debug|Any CPU
		{38F2D321-FFC3-45A4-AFD6-5FDE5067CA1C}.Release|Any CPU.ActiveCfg = Release|Any CPU
		{38F2D321-FFC3-45A4-AFD6-5FDE5067CA1C}.Release|Any CPU.Build.0 = Release|Any CPU
		{94D120C6-C596-4CC2-A1A1-1BEA9947CF79}.Debug|Any CPU.ActiveCfg = Debug|Any CPU
		{94D120C6-C596-4CC2-A1A1-1BEA9947CF79}.Debug|Any CPU.Build.0 = Debug|Any CPU
		{94D120C6-C596-4CC2-A1A1-1BEA9947CF79}.Release|Any CPU.ActiveCfg = Release|Any CPU
		{94D120C6-C596-4CC2-A1A1-1BEA9947CF79}.Release|Any CPU.Build.0 = Release|Any CPU
		{D263E639-2A8E-45AD-83BE-83A556E26897}.Debug|Any CPU.ActiveCfg = Debug|Any CPU
		{D263E639-2A8E-45AD-83BE-83A556E26897}.Debug|Any CPU.Build.0 = Debug|Any CPU
		{D263E639-2A8E-45AD-83BE-83A556E26897}.Release|Any CPU.ActiveCfg = Release|Any CPU
		{D263E639-2A8E-45AD-83BE-83A556E26897}.Release|Any CPU.Build.0 = Release|Any CPU
		{F7D4A2C9-6719-43CA-A638-65BC59446307}.Debug|Any CPU.ActiveCfg = Debug|Any CPU
		{F7D4A2C9-6719-43CA-A638-65BC59446307}.Debug|Any CPU.Build.0 = Debug|Any CPU
		{F7D4A2C9-6719-43CA-A638-65BC59446307}.Release|Any CPU.ActiveCfg = Release|Any CPU
		{F7D4A2C9-6719-43CA-A638-65BC59446307}.Release|Any CPU.Build.0 = Release|Any CPU
		{A67234E3-EBEB-4A5F-A31B-C9B4FAE87BAC}.Debug|Any CPU.ActiveCfg = Debug|Any CPU
		{A67234E3-EBEB-4A5F-A31B-C9B4FAE87BAC}.Debug|Any CPU.Build.0 = Debug|Any CPU
		{A67234E3-EBEB-4A5F-A31B-C9B4FAE87BAC}.Release|Any CPU.ActiveCfg = Release|Any CPU
		{A67234E3-EBEB-4A5F-A31B-C9B4FAE87BAC}.Release|Any CPU.Build.0 = Release|Any CPU
		{40C25177-28AC-43D0-83D5-ADF47A241CAD}.Debug|Any CPU.ActiveCfg = Debug|Any CPU
		{40C25177-28AC-43D0-83D5-ADF47A241CAD}.Debug|Any CPU.Build.0 = Debug|Any CPU
		{40C25177-28AC-43D0-83D5-ADF47A241CAD}.Release|Any CPU.ActiveCfg = Release|Any CPU
		{40C25177-28AC-43D0-83D5-ADF47A241CAD}.Release|Any CPU.Build.0 = Release|Any CPU
	EndGlobalSection
	GlobalSection(SolutionProperties) = preSolution
		HideSolutionNode = FALSE
	EndGlobalSection
	GlobalSection(ExtensibilityGlobals) = postSolution
		SolutionGuid = {0ED398AB-F847-45EC-B5AB-C96508DCA54D}
	EndGlobalSection
EndGlobal
